
Microsoft Visual Studio Solution File, Format Version 12.00
# Visual Studio Version 16
VisualStudioVersion = 16.0.30011.22
MinimumVisualStudioVersion = 10.0.40219.1
Project("{FAE04EC0-301F-11D3-BF4B-00C04F79EFBC}") = "LuaDkmDebugger", "LuaDkmDebugger\LuaDkmDebugger.csproj", "{C3330BB3-CDCE-40B5-9DC0-C19DB8EB0987}"
EndProject
Project("{FAE04EC0-301F-11D3-BF4B-00C04F79EFBC}") = "LuaDkmDebuggerComponent", "LuaDkmDebuggerComponent\LuaDkmDebuggerComponent.csproj", "{671C8B4F-93F5-4AEC-82E6-6C65A80798E7}"
EndProject
Global
	GlobalSection(SolutionConfigurationPlatforms) = preSolution
		Debug|Any CPU = Debug|Any CPU
		Release|Any CPU = Release|Any CPU
	EndGlobalSection
	GlobalSection(ProjectConfigurationPlatforms) = postSolution
		{C3330BB3-CDCE-40B5-9DC0-C19DB8EB0987}.Debug|Any CPU.ActiveCfg = Debug|Any CPU
		{C3330BB3-CDCE-40B5-9DC0-C19DB8EB0987}.Debug|Any CPU.Build.0 = Debug|Any CPU
		{C3330BB3-CDCE-40B5-9DC0-C19DB8EB0987}.Release|Any CPU.ActiveCfg = Release|Any CPU
		{C3330BB3-CDCE-40B5-9DC0-C19DB8EB0987}.Release|Any CPU.Build.0 = Release|Any CPU
		{671C8B4F-93F5-4AEC-82E6-6C65A80798E7}.Debug|Any CPU.ActiveCfg = Debug|Any CPU
		{671C8B4F-93F5-4AEC-82E6-6C65A80798E7}.Debug|Any CPU.Build.0 = Debug|Any CPU
		{671C8B4F-93F5-4AEC-82E6-6C65A80798E7}.Release|Any CPU.ActiveCfg = Release|Any CPU
		{671C8B4F-93F5-4AEC-82E6-6C65A80798E7}.Release|Any CPU.Build.0 = Release|Any CPU
	EndGlobalSection
	GlobalSection(SolutionProperties) = preSolution
		HideSolutionNode = FALSE
	EndGlobalSection
	GlobalSection(ExtensibilityGlobals) = postSolution
		SolutionGuid = {B1CF0B09-5626-4E41-9F3E-07B9A680A430}
	EndGlobalSection
EndGlobal
